// !$*UTF8*$!
{
	archiveVersion = 1;
	classes = {
	};
	objectVersion = 46;
	objects = {

/* Begin PBXBuildFile section */
		096D2DFA1C62D08B00C06F39 /* AppDelegate.swift in Sources */ = {isa = PBXBuildFile; fileRef = 096D2DF91C62D08B00C06F39 /* AppDelegate.swift */; };
		096D2DFC1C62D08B00C06F39 /* ViewController.swift in Sources */ = {isa = PBXBuildFile; fileRef = 096D2DFB1C62D08B00C06F39 /* ViewController.swift */; };
		096D2DFF1C62D08B00C06F39 /* Main.storyboard in Resources */ = {isa = PBXBuildFile; fileRef = 096D2DFD1C62D08B00C06F39 /* Main.storyboard */; };
		096D2E011C62D08B00C06F39 /* Assets.xcassets in Resources */ = {isa = PBXBuildFile; fileRef = 096D2E001C62D08B00C06F39 /* Assets.xcassets */; };
		096D2E041C62D08B00C06F39 /* LaunchScreen.storyboard in Resources */ = {isa = PBXBuildFile; fileRef = 096D2E021C62D08B00C06F39 /* LaunchScreen.storyboard */; };
		096D2E0F1C62D08B00C06F39 /* Tic_Tac_ToeTests.swift in Sources */ = {isa = PBXBuildFile; fileRef = 096D2E0E1C62D08B00C06F39 /* Tic_Tac_ToeTests.swift */; };
		096D2E1A1C62D08B00C06F39 /* Tic_Tac_ToeUITests.swift in Sources */ = {isa = PBXBuildFile; fileRef = 096D2E191C62D08B00C06F39 /* Tic_Tac_ToeUITests.swift */; };
/* End PBXBuildFile section */

/* Begin PBXContainerItemProxy section */
		096D2E0B1C62D08B00C06F39 /* PBXContainerItemProxy */ = {
			isa = PBXContainerItemProxy;
			containerPortal = 096D2DEE1C62D08B00C06F39 /* Project object */;
			proxyType = 1;
			remoteGlobalIDString = 096D2DF51C62D08B00C06F39;
			remoteInfo = "Tic Tac Toe";
		};
		096D2E161C62D08B00C06F39 /* PBXContainerItemProxy */ = {
			isa = PBXContainerItemProxy;
			containerPortal = 096D2DEE1C62D08B00C06F39 /* Project object */;
			proxyType = 1;
			remoteGlobalIDString = 096D2DF51C62D08B00C06F39;
			remoteInfo = "Tic Tac Toe";
		};
/* End PBXContainerItemProxy section */

/* Begin PBXFileReference section */
		096D2DF61C62D08B00C06F39 /* Tic Tac Toe.app */ = {isa = PBXFileReference; explicitFileType = wrapper.application; includeInIndex = 0; path = "Tic Tac Toe.app"; sourceTree = BUILT_PRODUCTS_DIR; };
		096D2DF91C62D08B00C06F39 /* AppDelegate.swift */ = {isa = PBXFileReference; lastKnownFileType = sourcecode.swift; path = AppDelegate.swift; sourceTree = "<group>"; };
		096D2DFB1C62D08B00C06F39 /* ViewController.swift */ = {isa = PBXFileReference; lastKnownFileType = sourcecode.swift; path = ViewController.swift; sourceTree = "<group>"; };
		096D2DFE1C62D08B00C06F39 /* Base */ = {isa = PBXFileReference; lastKnownFileType = file.storyboard; name = Base; path = Base.lproj/Main.storyboard; sourceTree = "<group>"; };
		096D2E001C62D08B00C06F39 /* Assets.xcassets */ = {isa = PBXFileReference; lastKnownFileType = folder.assetcatalog; path = Assets.xcassets; sourceTree = "<group>"; };
		096D2E031C62D08B00C06F39 /* Base */ = {isa = PBXFileReference; lastKnownFileType = file.storyboard; name = Base; path = Base.lproj/LaunchScreen.storyboard; sourceTree = "<group>"; };
		096D2E051C62D08B00C06F39 /* Info.plist */ = {isa = PBXFileReference; lastKnownFileType = text.plist.xml; path = Info.plist; sourceTree = "<group>"; };
		096D2E0A1C62D08B00C06F39 /* Tic Tac ToeTests.xctest */ = {isa = PBXFileReference; explicitFileType = wrapper.cfbundle; includeInIndex = 0; path = "Tic Tac ToeTests.xctest"; sourceTree = BUILT_PRODUCTS_DIR; };
		096D2E0E1C62D08B00C06F39 /* Tic_Tac_ToeTests.swift */ = {isa = PBXFileReference; lastKnownFileType = sourcecode.swift; path = Tic_Tac_ToeTests.swift; sourceTree = "<group>"; };
		096D2E101C62D08B00C06F39 /* Info.plist */ = {isa = PBXFileReference; lastKnownFileType = text.plist.xml; path = Info.plist; sourceTree = "<group>"; };
		096D2E151C62D08B00C06F39 /* Tic Tac ToeUITests.xctest */ = {isa = PBXFileReference; explicitFileType = wrapper.cfbundle; includeInIndex = 0; path = "Tic Tac ToeUITests.xctest"; sourceTree = BUILT_PRODUCTS_DIR; };
		096D2E191C62D08B00C06F39 /* Tic_Tac_ToeUITests.swift */ = {isa = PBXFileReference; lastKnownFileType = sourcecode.swift; path = Tic_Tac_ToeUITests.swift; sourceTree = "<group>"; };
		096D2E1B1C62D08B00C06F39 /* Info.plist */ = {isa = PBXFileReference; lastKnownFileType = text.plist.xml; path = Info.plist; sourceTree = "<group>"; };
/* End PBXFileReference section */

/* Begin PBXFrameworksBuildPhase section */
		096D2DF31C62D08B00C06F39 /* Frameworks */ = {
			isa = PBXFrameworksBuildPhase;
			buildActionMask = 2147483647;
			files = (
			);
			runOnlyForDeploymentPostprocessing = 0;
		};
		096D2E071C62D08B00C06F39 /* Frameworks */ = {
			isa = PBXFrameworksBuildPhase;
			buildActionMask = 2147483647;
			files = (
			);
			runOnlyForDeploymentPostprocessing = 0;
		};
		096D2E121C62D08B00C06F39 /* Frameworks */ = {
			isa = PBXFrameworksBuildPhase;
			buildActionMask = 2147483647;
			files = (
			);
			runOnlyForDeploymentPostprocessing = 0;
		};
/* End PBXFrameworksBuildPhase section */

/* Begin PBXGroup section */
		096D2DED1C62D08B00C06F39 = {
			isa = PBXGroup;
			children = (
				096D2DF81C62D08B00C06F39 /* Tic Tac Toe */,
				096D2E0D1C62D08B00C06F39 /* Tic Tac ToeTests */,
				096D2E181C62D08B00C06F39 /* Tic Tac ToeUITests */,
				096D2DF71C62D08B00C06F39 /* Products */,
			);
			sourceTree = "<group>";
		};
		096D2DF71C62D08B00C06F39 /* Products */ = {
			isa = PBXGroup;
			children = (
				096D2DF61C62D08B00C06F39 /* Tic Tac Toe.app */,
				096D2E0A1C62D08B00C06F39 /* Tic Tac ToeTests.xctest */,
				096D2E151C62D08B00C06F39 /* Tic Tac ToeUITests.xctest */,
			);
			name = Products;
			sourceTree = "<group>";
		};
		096D2DF81C62D08B00C06F39 /* Tic Tac Toe */ = {
			isa = PBXGroup;
			children = (
				096D2DF91C62D08B00C06F39 /* AppDelegate.swift */,
				096D2DFB1C62D08B00C06F39 /* ViewController.swift */,
				096D2DFD1C62D08B00C06F39 /* Main.storyboard */,
				096D2E001C62D08B00C06F39 /* Assets.xcassets */,
				096D2E021C62D08B00C06F39 /* LaunchScreen.storyboard */,
				096D2E051C62D08B00C06F39 /* Info.plist */,
			);
			path = "Tic Tac Toe";
			sourceTree = "<group>";
		};
		096D2E0D1C62D08B00C06F39 /* Tic Tac ToeTests */ = {
			isa = PBXGroup;
			children = (
				096D2E0E1C62D08B00C06F39 /* Tic_Tac_ToeTests.swift */,
				096D2E101C62D08B00C06F39 /* Info.plist */,
			);
			path = "Tic Tac ToeTests";
			sourceTree = "<group>";
		};
		096D2E181C62D08B00C06F39 /* Tic Tac ToeUITests */ = {
			isa = PBXGroup;
			children = (
				096D2E191C62D08B00C06F39 /* Tic_Tac_ToeUITests.swift */,
				096D2E1B1C62D08B00C06F39 /* Info.plist */,
			);
			path = "Tic Tac ToeUITests";
			sourceTree = "<group>";
		};
/* End PBXGroup section */

/* Begin PBXNativeTarget section */
		096D2DF51C62D08B00C06F39 /* Tic Tac Toe */ = {
			isa = PBXNativeTarget;
			buildConfigurationList = 096D2E1E1C62D08B00C06F39 /* Build configuration list for PBXNativeTarget "Tic Tac Toe" */;
			buildPhases = (
				096D2DF21C62D08B00C06F39 /* Sources */,
				096D2DF31C62D08B00C06F39 /* Frameworks */,
				096D2DF41C62D08B00C06F39 /* Resources */,
			);
			buildRules = (
			);
			dependencies = (
			);
			name = "Tic Tac Toe";
			productName = "Tic Tac Toe";
			productReference = 096D2DF61C62D08B00C06F39 /* Tic Tac Toe.app */;
			productType = "com.apple.product-type.application";
		};
		096D2E091C62D08B00C06F39 /* Tic Tac ToeTests */ = {
			isa = PBXNativeTarget;
			buildConfigurationList = 096D2E211C62D08B00C06F39 /* Build configuration list for PBXNativeTarget "Tic Tac ToeTests" */;
			buildPhases = (
				096D2E061C62D08B00C06F39 /* Sources */,
				096D2E071C62D08B00C06F39 /* Frameworks */,
				096D2E081C62D08B00C06F39 /* Resources */,
			);
			buildRules = (
			);
			dependencies = (
				096D2E0C1C62D08B00C06F39 /* PBXTargetDependency */,
			);
			name = "Tic Tac ToeTests";
			productName = "Tic Tac ToeTests";
			productReference = 096D2E0A1C62D08B00C06F39 /* Tic Tac ToeTests.xctest */;
			productType = "com.apple.product-type.bundle.unit-test";
		};
		096D2E141C62D08B00C06F39 /* Tic Tac ToeUITests */ = {
			isa = PBXNativeTarget;
			buildConfigurationList = 096D2E241C62D08B00C06F39 /* Build configuration list for PBXNativeTarget "Tic Tac ToeUITests" */;
			buildPhases = (
				096D2E111C62D08B00C06F39 /* Sources */,
				096D2E121C62D08B00C06F39 /* Frameworks */,
				096D2E131C62D08B00C06F39 /* Resources */,
			);
			buildRules = (
			);
			dependencies = (
				096D2E171C62D08B00C06F39 /* PBXTargetDependency */,
			);
			name = "Tic Tac ToeUITests";
			productName = "Tic Tac ToeUITests";
			productReference = 096D2E151C62D08B00C06F39 /* Tic Tac ToeUITests.xctest */;
			productType = "com.apple.product-type.bundle.ui-testing";
		};
/* End PBXNativeTarget section */

/* Begin PBXProject section */
		096D2DEE1C62D08B00C06F39 /* Project object */ = {
			isa = PBXProject;
			attributes = {
				LastSwiftUpdateCheck = 0720;
				LastUpgradeCheck = 0720;
				ORGANIZATIONNAME = Apress;
				TargetAttributes = {
					096D2DF51C62D08B00C06F39 = {
						CreatedOnToolsVersion = 7.2;
					};
					096D2E091C62D08B00C06F39 = {
						CreatedOnToolsVersion = 7.2;
						TestTargetID = 096D2DF51C62D08B00C06F39;
					};
					096D2E141C62D08B00C06F39 = {
						CreatedOnToolsVersion = 7.2;
						TestTargetID = 096D2DF51C62D08B00C06F39;
					};
				};
			};
			buildConfigurationList = 096D2DF11C62D08B00C06F39 /* Build configuration list for PBXProject "Tic Tac Toe" */;
			compatibilityVersion = "Xcode 3.2";
			developmentRegion = English;
			hasScannedForEncodings = 0;
			knownRegions = (
				en,
				Base,
			);
			mainGroup = 096D2DED1C62D08B00C06F39;
			productRefGroup = 096D2DF71C62D08B00C06F39 /* Products */;
			projectDirPath = "";
			projectRoot = "";
			targets = (
				096D2DF51C62D08B00C06F39 /* Tic Tac Toe */,
				096D2E091C62D08B00C06F39 /* Tic Tac ToeTests */,
				096D2E141C62D08B00C06F39 /* Tic Tac ToeUITests */,
			);
		};
/* End PBXProject section */

/* Begin PBXResourcesBuildPhase section */
		096D2DF41C62D08B00C06F39 /* Resources */ = {
			isa = PBXResourcesBuildPhase;
			buildActionMask = 2147483647;
			files = (
				096D2E041C62D08B00C06F39 /* LaunchScreen.storyboard in Resources */,
				096D2E011C62D08B00C06F39 /* Assets.xcassets in Resources */,
				096D2DFF1C62D08B00C06F39 /* Main.storyboard in Resources */,
			);
			runOnlyForDeploymentPostprocessing = 0;
		};
		096D2E081C62D08B00C06F39 /* Resources */ = {
			isa = PBXResourcesBuildPhase;
			buildActionMask = 2147483647;
			files = (
			);
			runOnlyForDeploymentPostprocessing = 0;
		};
		096D2E131C62D08B00C06F39 /* Resources */ = {
			isa = PBXResourcesBuildPhase;
			buildActionMask = 2147483647;
			files = (
			);
			runOnlyForDeploymentPostprocessing = 0;
		};
/* End PBXResourcesBuildPhase section */

/* Begin PBXSourcesBuildPhase section */
		096D2DF21C62D08B00C06F39 /* Sources */ = {
			isa = PBXSourcesBuildPhase;
			buildActionMask = 2147483647;
			files = (
				096D2DFC1C62D08B00C06F39 /* ViewController.swift in Sources */,
				096D2DFA1C62D08B00C06F39 /* AppDelegate.swift in Sources */,
			);
			runOnlyForDeploymentPostprocessing = 0;
		};
		096D2E061C62D08B00C06F39 /* Sources */ = {
			isa = PBXSourcesBuildPhase;
			buildActionMask = 2147483647;
			files = (
				096D2E0F1C62D08B00C06F39 /* Tic_Tac_ToeTests.swift in Sources */,
			);
			runOnlyForDeploymentPostprocessing = 0;
		};
		096D2E111C62D08B00C06F39 /* Sources */ = {
			isa = PBXSourcesBuildPhase;
			buildActionMask = 2147483647;
			files = (
				096D2E1A1C62D08B00C06F39 /* Tic_Tac_ToeUITests.swift in Sources */,
			);
			runOnlyForDeploymentPostprocessing = 0;
		};
/* End PBXSourcesBuildPhase section */

/* Begin PBXTargetDependency section */
		096D2E0C1C62D08B00C06F39 /* PBXTargetDependency */ = {
			isa = PBXTargetDependency;
			target = 096D2DF51C62D08B00C06F39 /* Tic Tac Toe */;
			targetProxy = 096D2E0B1C62D08B00C06F39 /* PBXContainerItemProxy */;
		};
		096D2E171C62D08B00C06F39 /* PBXTargetDependency */ = {
			isa = PBXTargetDependency;
			target = 096D2DF51C62D08B00C06F39 /* Tic Tac Toe */;
			targetProxy = 096D2E161C62D08B00C06F39 /* PBXContainerItemProxy */;
		};
/* End PBXTargetDependency section */

/* Begin PBXVariantGroup section */
		096D2DFD1C62D08B00C06F39 /* Main.storyboard */ = {
			isa = PBXVariantGroup;
			children = (
				096D2DFE1C62D08B00C06F39 /* Base */,
			);
			name = Main.storyboard;
			sourceTree = "<group>";
		};
		096D2E021C62D08B00C06F39 /* LaunchScreen.storyboard */ = {
			isa = PBXVariantGroup;
			children = (
				096D2E031C62D08B00C06F39 /* Base */,
			);
			name = LaunchScreen.storyboard;
			sourceTree = "<group>";
		};
/* End PBXVariantGroup section */

/* Begin XCBuildConfiguration section */
		096D2E1C1C62D08B00C06F39 /* Debug */ = {
			isa = XCBuildConfiguration;
			buildSettings = {
				ALWAYS_SEARCH_USER_PATHS = NO;
				CLANG_CXX_LANGUAGE_STANDARD = "gnu++0x";
				CLANG_CXX_LIBRARY = "libc++";
				CLANG_ENABLE_MODULES = YES;
				CLANG_ENABLE_OBJC_ARC = YES;
				CLANG_WARN_BOOL_CONVERSION = YES;
				CLANG_WARN_CONSTANT_CONVERSION = YES;
				CLANG_WARN_DIRECT_OBJC_ISA_USAGE = YES_ERROR;
				CLANG_WARN_EMPTY_BODY = YES;
				CLANG_WARN_ENUM_CONVERSION = YES;
				CLANG_WARN_INT_CONVERSION = YES;
				CLANG_WARN_OBJC_ROOT_CLASS = YES_ERROR;
				CLANG_WARN_UNREACHABLE_CODE = YES;
				CLANG_WARN__DUPLICATE_METHOD_MATCH = YES;
				"CODE_SIGN_IDENTITY[sdk=iphoneos*]" = "iPhone Developer";
				COPY_PHASE_STRIP = NO;
				DEBUG_INFORMATION_FORMAT = dwarf;
				ENABLE_STRICT_OBJC_MSGSEND = YES;
				ENABLE_TESTABILITY = YES;
				GCC_C_LANGUAGE_STANDARD = gnu99;
				GCC_DYNAMIC_NO_PIC = NO;
				GCC_NO_COMMON_BLOCKS = YES;
				GCC_OPTIMIZATION_LEVEL = 0;
				GCC_PREPROCESSOR_DEFINITIONS = (
					"DEBUG=1",
					"$(inherited)",
				);
				GCC_WARN_64_TO_32_BIT_CONVERSION = YES;
				GCC_WARN_ABOUT_RETURN_TYPE = YES_ERROR;
				GCC_WARN_UNDECLARED_SELECTOR = YES;
				GCC_WARN_UNINITIALIZED_AUTOS = YES_AGGRESSIVE;
				GCC_WARN_UNUSED_FUNCTION = YES;
				GCC_WARN_UNUSED_VARIABLE = YES;
				IPHONEOS_DEPLOYMENT_TARGET = 9.2;
				MTL_ENABLE_DEBUG_INFO = YES;
				ONLY_ACTIVE_ARCH = YES;
				SDKROOT = iphoneos;
				SWIFT_OPTIMIZATION_LEVEL = "-Onone";
			};
			name = Debug;
		};
		096D2E1D1C62D08B00C06F39 /* Release */ = {
			isa = XCBuildConfiguration;
			buildSettings = {
				ALWAYS_SEARCH_USER_PATHS = NO;
				CLANG_CXX_LANGUAGE_STANDARD = "gnu++0x";
				CLANG_CXX_LIBRARY = "libc++";
				CLANG_ENABLE_MODULES = YES;
				CLANG_ENABLE_OBJC_ARC = YES;
				CLANG_WARN_BOOL_CONVERSION = YES;
				CLANG_WARN_CONSTANT_CONVERSION = YES;
				CLANG_WARN_DIRECT_OBJC_ISA_USAGE = YES_ERROR;
				CLANG_WARN_EMPTY_BODY = YES;
				CLANG_WARN_ENUM_CONVERSION = YES;
				CLANG_WARN_INT_CONVERSION = YES;
				CLANG_WARN_OBJC_ROOT_CLASS = YES_ERROR;
				CLANG_WARN_UNREACHABLE_CODE = YES;
				CLANG_WARN__DUPLICATE_METHOD_MATCH = YES;
				"CODE_SIGN_IDENTITY[sdk=iphoneos*]" = "iPhone Developer";
				COPY_PHASE_STRIP = NO;
				DEBUG_INFORMATION_FORMAT = "dwarf-with-dsym";
				ENABLE_NS_ASSERTIONS = NO;
				ENABLE_STRICT_OBJC_MSGSEND = YES;
				GCC_C_LANGUAGE_STANDARD = gnu99;
				GCC_NO_COMMON_BLOCKS = YES;
				GCC_WARN_64_TO_32_BIT_CONVERSION = YES;
				GCC_WARN_ABOUT_RETURN_TYPE = YES_ERROR;
				GCC_WARN_UNDECLARED_SELECTOR = YES;
				GCC_WARN_UNINITIALIZED_AUTOS = YES_AGGRESSIVE;
				GCC_WARN_UNUSED_FUNCTION = YES;
				GCC_WARN_UNUSED_VARIABLE = YES;
				IPHONEOS_DEPLOYMENT_TARGET = 9.2;
				MTL_ENABLE_DEBUG_INFO = NO;
				SDKROOT = iphoneos;
				VALIDATE_PRODUCT = YES;
			};
			name = Release;
		};
		096D2E1F1C62D08B00C06F39 /* Debug */ = {
			isa = XCBuildConfiguration;
			buildSettings = {
				ASSETCATALOG_COMPILER_APPICON_NAME = AppIcon;
				INFOPLIST_FILE = "Tic Tac Toe/Info.plist";
				LD_RUNPATH_SEARCH_PATHS = "$(inherited) @executable_path/Frameworks";
				PRODUCT_BUNDLE_IDENTIFIER = "com.apress.Tic-Tac-Toe";
				PRODUCT_NAME = "$(TARGET_NAME)";
			};
			name = Debug;
		};
		096D2E201C62D08B00C06F39 /* Release */ = {
			isa = XCBuildConfiguration;
			buildSettings = {
				ASSETCATALOG_COMPILER_APPICON_NAME = AppIcon;
				INFOPLIST_FILE = "Tic Tac Toe/Info.plist";
				LD_RUNPATH_SEARCH_PATHS = "$(inherited) @executable_path/Frameworks";
				PRODUCT_BUNDLE_IDENTIFIER = "com.apress.Tic-Tac-Toe";
				PRODUCT_NAME = "$(TARGET_NAME)";
			};
			name = Release;
		};
		096D2E221C62D08B00C06F39 /* Debug */ = {
			isa = XCBuildConfiguration;
			buildSettings = {
				BUNDLE_LOADER = "$(TEST_HOST)";
				INFOPLIST_FILE = "Tic Tac ToeTests/Info.plist";
				LD_RUNPATH_SEARCH_PATHS = "$(inherited) @executable_path/Frameworks @loader_path/Frameworks";
				PRODUCT_BUNDLE_IDENTIFIER = "com.apress.Tic-Tac-ToeTests";
				PRODUCT_NAME = "$(TARGET_NAME)";
				TEST_HOST = "$(BUILT_PRODUCTS_DIR)/Tic Tac Toe.app/Tic Tac Toe";
			};
			name = Debug;
		};
		096D2E231C62D08B00C06F39 /* Release */ = {
			isa = XCBuildConfiguration;
			buildSettings = {
				BUNDLE_LOADER = "$(TEST_HOST)";
				INFOPLIST_FILE = "Tic Tac ToeTests/Info.plist";
				LD_RUNPATH_SEARCH_PATHS = "$(inherited) @executable_path/Frameworks @loader_path/Frameworks";
				PRODUCT_BUNDLE_IDENTIFIER = "com.apress.Tic-Tac-ToeTests";
				PRODUCT_NAME = "$(TARGET_NAME)";
				TEST_HOST = "$(BUILT_PRODUCTS_DIR)/Tic Tac Toe.app/Tic Tac Toe";
			};
			name = Release;
		};
		096D2E251C62D08B00C06F39 /* Debug */ = {
			isa = XCBuildConfiguration;
			buildSettings = {
				INFOPLIST_FILE = "Tic Tac ToeUITests/Info.plist";
				LD_RUNPATH_SEARCH_PATHS = "$(inherited) @executable_path/Frameworks @loader_path/Frameworks";
				PRODUCT_BUNDLE_IDENTIFIER = "com.apress.Tic-Tac-ToeUITests";
				PRODUCT_NAME = "$(TARGET_NAME)";
				TEST_TARGET_NAME = "Tic Tac Toe";
				USES_XCTRUNNER = YES;
			};
			name = Debug;
		};
		096D2E261C62D08B00C06F39 /* Release */ = {
			isa = XCBuildConfiguration;
			buildSettings = {
				INFOPLIST_FILE = "Tic Tac ToeUITests/Info.plist";
				LD_RUNPATH_SEARCH_PATHS = "$(inherited) @executable_path/Frameworks @loader_path/Frameworks";
				PRODUCT_BUNDLE_IDENTIFIER = "com.apress.Tic-Tac-ToeUITests";
				PRODUCT_NAME = "$(TARGET_NAME)";
				TEST_TARGET_NAME = "Tic Tac Toe";
				USES_XCTRUNNER = YES;
			};
			name = Release;
		};
/* End XCBuildConfiguration section */

/* Begin XCConfigurationList section */
		096D2DF11C62D08B00C06F39 /* Build configuration list for PBXProject "Tic Tac Toe" */ = {
			isa = XCConfigurationList;
			buildConfigurations = (
				096D2E1C1C62D08B00C06F39 /* Debug */,
				096D2E1D1C62D08B00C06F39 /* Release */,
			);
			defaultConfigurationIsVisible = 0;
			defaultConfigurationName = Release;
		};
		096D2E1E1C62D08B00C06F39 /* Build configuration list for PBXNativeTarget "Tic Tac Toe" */ = {
			isa = XCConfigurationList;
			buildConfigurations = (
				096D2E1F1C62D08B00C06F39 /* Debug */,
				096D2E201C62D08B00C06F39 /* Release */,
			);
			defaultConfigurationIsVisible = 0;
		};
		096D2E211C62D08B00C06F39 /* Build configuration list for PBXNativeTarget "Tic Tac ToeTests" */ = {
			isa = XCConfigurationList;
			buildConfigurations = (
				096D2E221C62D08B00C06F39 /* Debug */,
				096D2E231C62D08B00C06F39 /* Release */,
			);
			defaultConfigurationIsVisible = 0;
		};
		096D2E241C62D08B00C06F39 /* Build configuration list for PBXNativeTarget "Tic Tac ToeUITests" */ = {
			isa = XCConfigurationList;
			buildConfigurations = (
				096D2E251C62D08B00C06F39 /* Debug */,
				096D2E261C62D08B00C06F39 /* Release */,
			);
			defaultConfigurationIsVisible = 0;
		};
/* End XCConfigurationList section */
	};
	rootObject = 096D2DEE1C62D08B00C06F39 /* Project object */;
}
